{
  "name": "coder_js_proyecto_2024",
  "lockfileVersion": 3,
  "requires": true,
  "packages": {
    "": {
      "dependencies": {
        "fullpage.js": "^4.0.30",
        "luxon": "^3.5.0"
      }
    },
    "node_modules/fullpage.js": {
      "version": "4.0.30",
      "resolved": "https://registry.npmjs.org/fullpage.js/-/fullpage.js-4.0.30.tgz",
      "integrity": "sha512-FsLn0AJrK4mv53X/Ovm7BaLQgXMxJOLKbfOXCZfNoHsmngYATJya4Pm8BSWgBaPICl+DoX+GoI/KX8o6rdH3GA=="
    },
    "node_modules/luxon": {
      "version": "3.5.0",
      "resolved": "https://registry.npmjs.org/luxon/-/luxon-3.5.0.tgz",
      "integrity": "sha512-rh+Zjr6DNfUYR3bPwJEnuwDdqMbxZW7LOQfUN4B54+Cl+0o5zaU9RJ6bcidfDtC1cWCZXQ+nvX8bf6bAji37QQ==",
      "engines": {
        "node": ">=12"
      }
    }
  }
}
